
Microsoft Visual Studio Solution File, Format Version 12.00
# Visual Studio Version 17
VisualStudioVersion = 17.2.32602.215
MinimumVisualStudioVersion = 10.0.40219.1
Project("{FAE04EC0-301F-11D3-BF4B-00C04F79EFBC}") = "RTS.Console", "RTS.Console\RTS.Console.csproj", "{5D520F19-B5F0-4344-A72F-5F3D71899041}"
EndProject
Project("{FAE04EC0-301F-11D3-BF4B-00C04F79EFBC}") = "RTS.Lib", "RTS.Lib\RTS.Lib.csproj", "{F929B928-FA16-4DAD-BF2F-FC919D68D8CF}"
EndProject
Global
	GlobalSection(SolutionConfigurationPlatforms) = preSolution
		Debug|Any CPU = Debug|Any CPU
		Release|Any CPU = Release|Any CPU
	EndGlobalSection
	GlobalSection(ProjectConfigurationPlatforms) = postSolution
		{5D520F19-B5F0-4344-A72F-5F3D71899041}.Debug|Any CPU.ActiveCfg = Debug|Any CPU
		{5D520F19-B5F0-4344-A72F-5F3D71899041}.Debug|Any CPU.Build.0 = Debug|Any CPU
		{5D520F19-B5F0-4344-A72F-5F3D71899041}.Release|Any CPU.ActiveCfg = Release|Any CPU
		{5D520F19-B5F0-4344-A72F-5F3D71899041}.Release|Any CPU.Build.0 = Release|Any CPU
		{F929B928-FA16-4DAD-BF2F-FC919D68D8CF}.Debug|Any CPU.ActiveCfg = Debug|Any CPU
		{F929B928-FA16-4DAD-BF2F-FC919D68D8CF}.Debug|Any CPU.Build.0 = Debug|Any CPU
		{F929B928-FA16-4DAD-BF2F-FC919D68D8CF}.Release|Any CPU.ActiveCfg = Release|Any CPU
		{F929B928-FA16-4DAD-BF2F-FC919D68D8CF}.Release|Any CPU.Build.0 = Release|Any CPU
	EndGlobalSection
	GlobalSection(SolutionProperties) = preSolution
		HideSolutionNode = FALSE
	EndGlobalSection
	GlobalSection(ExtensibilityGlobals) = postSolution
		SolutionGuid = {A3CAB307-43D0-4DBE-8013-7B52732FC387}
	EndGlobalSection
EndGlobal
