
Microsoft Visual Studio Solution File, Format Version 12.00
# Visual Studio Version 17
VisualStudioVersion = 17.2.32602.215
MinimumVisualStudioVersion = 10.0.40219.1
Project("{9A19103F-16F7-4668-BE54-9A1E7A4F7556}") = "RTS.Console", "RTS.Console\RTS.Console.csproj", "{4AA65FF2-C715-405B-9544-FB0CE607D554}"
EndProject
Project("{9A19103F-16F7-4668-BE54-9A1E7A4F7556}") = "RTS.Core", "RTS.Core\RTS.Core.csproj", "{EA8FC00D-1D27-4ED3-8118-0278BF0BA7C4}"
EndProject
Project("{FAE04EC0-301F-11D3-BF4B-00C04F79EFBC}") = "RTS.WPF", "RTS.WPF\RTS.WPF.csproj", "{EF58DC26-6555-4F00-A9CB-7595AC2CB59D}"
EndProject
Global
	GlobalSection(SolutionConfigurationPlatforms) = preSolution
		Debug|Any CPU = Debug|Any CPU
		Release|Any CPU = Release|Any CPU
	EndGlobalSection
	GlobalSection(ProjectConfigurationPlatforms) = postSolution
		{4AA65FF2-C715-405B-9544-FB0CE607D554}.Debug|Any CPU.ActiveCfg = Debug|Any CPU
		{4AA65FF2-C715-405B-9544-FB0CE607D554}.Debug|Any CPU.Build.0 = Debug|Any CPU
		{4AA65FF2-C715-405B-9544-FB0CE607D554}.Release|Any CPU.ActiveCfg = Release|Any CPU
		{4AA65FF2-C715-405B-9544-FB0CE607D554}.Release|Any CPU.Build.0 = Release|Any CPU
		{EA8FC00D-1D27-4ED3-8118-0278BF0BA7C4}.Debug|Any CPU.ActiveCfg = Debug|Any CPU
		{EA8FC00D-1D27-4ED3-8118-0278BF0BA7C4}.Debug|Any CPU.Build.0 = Debug|Any CPU
		{EA8FC00D-1D27-4ED3-8118-0278BF0BA7C4}.Release|Any CPU.ActiveCfg = Release|Any CPU
		{EA8FC00D-1D27-4ED3-8118-0278BF0BA7C4}.Release|Any CPU.Build.0 = Release|Any CPU
		{EF58DC26-6555-4F00-A9CB-7595AC2CB59D}.Debug|Any CPU.ActiveCfg = Debug|Any CPU
		{EF58DC26-6555-4F00-A9CB-7595AC2CB59D}.Debug|Any CPU.Build.0 = Debug|Any CPU
		{EF58DC26-6555-4F00-A9CB-7595AC2CB59D}.Release|Any CPU.ActiveCfg = Release|Any CPU
		{EF58DC26-6555-4F00-A9CB-7595AC2CB59D}.Release|Any CPU.Build.0 = Release|Any CPU
	EndGlobalSection
	GlobalSection(SolutionProperties) = preSolution
		HideSolutionNode = FALSE
	EndGlobalSection
	GlobalSection(ExtensibilityGlobals) = postSolution
		SolutionGuid = {A3CAB307-43D0-4DBE-8013-7B52732FC387}
	EndGlobalSection
EndGlobal
