
Microsoft Visual Studio Solution File, Format Version 12.00
# Visual Studio Version 17
VisualStudioVersion = 17.2.32602.215
MinimumVisualStudioVersion = 10.0.40219.1
Project("{9A19103F-16F7-4668-BE54-9A1E7A4F7556}") = "JanuarySimpleProject", "JanuarySimpleProject\JanuarySimpleProject.csproj", "{9FF10828-B750-461D-84C7-7DA83FDCDE6F}"
EndProject
Project("{FAE04EC0-301F-11D3-BF4B-00C04F79EFBC}") = "RTS", "RTS\RTS.csproj", "{23F1DEFE-1C31-4F97-B1F4-1E66A0B30266}"
EndProject
Project("{FAE04EC0-301F-11D3-BF4B-00C04F79EFBC}") = "WPF-RTS", "WPF-RTS\WPF-RTS.csproj", "{D1BB438A-FC97-4DB9-8E46-20CA9402D984}"
EndProject
Global
	GlobalSection(SolutionConfigurationPlatforms) = preSolution
		Debug|Any CPU = Debug|Any CPU
		Release|Any CPU = Release|Any CPU
	EndGlobalSection
	GlobalSection(ProjectConfigurationPlatforms) = postSolution
		{9FF10828-B750-461D-84C7-7DA83FDCDE6F}.Debug|Any CPU.ActiveCfg = Debug|Any CPU
		{9FF10828-B750-461D-84C7-7DA83FDCDE6F}.Debug|Any CPU.Build.0 = Debug|Any CPU
		{9FF10828-B750-461D-84C7-7DA83FDCDE6F}.Release|Any CPU.ActiveCfg = Release|Any CPU
		{9FF10828-B750-461D-84C7-7DA83FDCDE6F}.Release|Any CPU.Build.0 = Release|Any CPU
		{23F1DEFE-1C31-4F97-B1F4-1E66A0B30266}.Debug|Any CPU.ActiveCfg = Debug|Any CPU
		{23F1DEFE-1C31-4F97-B1F4-1E66A0B30266}.Debug|Any CPU.Build.0 = Debug|Any CPU
		{23F1DEFE-1C31-4F97-B1F4-1E66A0B30266}.Release|Any CPU.ActiveCfg = Release|Any CPU
		{23F1DEFE-1C31-4F97-B1F4-1E66A0B30266}.Release|Any CPU.Build.0 = Release|Any CPU
		{D1BB438A-FC97-4DB9-8E46-20CA9402D984}.Debug|Any CPU.ActiveCfg = Debug|Any CPU
		{D1BB438A-FC97-4DB9-8E46-20CA9402D984}.Debug|Any CPU.Build.0 = Debug|Any CPU
		{D1BB438A-FC97-4DB9-8E46-20CA9402D984}.Release|Any CPU.ActiveCfg = Release|Any CPU
		{D1BB438A-FC97-4DB9-8E46-20CA9402D984}.Release|Any CPU.Build.0 = Release|Any CPU
	EndGlobalSection
	GlobalSection(SolutionProperties) = preSolution
		HideSolutionNode = FALSE
	EndGlobalSection
	GlobalSection(ExtensibilityGlobals) = postSolution
		SolutionGuid = {A3CAB307-43D0-4DBE-8013-7B52732FC387}
	EndGlobalSection
EndGlobal
